# THIS IS AN AUTOGENERATED FILE. DO NOT EDIT THIS FILE DIRECTLY.
# yarn lockfile v1


"@nestjs/schedule@^4.1.1":
  version "4.1.1"
  resolved "https://registry.yarnpkg.com/@nestjs/schedule/-/schedule-4.1.1.tgz#a730cff250ad5db78fe6a1bfc7f12a30856e48df"
  integrity sha512-VxAnCiU4HP0wWw8IdWAVfsGC/FGjyToNjjUtXDEQL6oj+w/N5QDd2VT9k6d7Jbr8PlZuBZNdWtDKSkH5bZ+RXQ==
  dependencies:
    cron "3.1.7"
    uuid "10.0.0"

"@types/luxon@~3.4.0":
  version "3.4.2"
  resolved "https://registry.yarnpkg.com/@types/luxon/-/luxon-3.4.2.tgz#e4fc7214a420173cea47739c33cdf10874694db7"
  integrity sha512-TifLZlFudklWlMBfhubvgqTXRzLDI5pCbGa4P8a3wPyUQSW+1xQ5eDsreP9DWHX3tjq1ke96uYG/nwundroWcA==

cron@3.1.7:
  version "3.1.7"
  resolved "https://registry.yarnpkg.com/cron/-/cron-3.1.7.tgz#3423d618ba625e78458fff8cb67001672d49ba0d"
  integrity sha512-tlBg7ARsAMQLzgwqVxy8AZl/qlTc5nibqYwtNGoCrd+cV+ugI+tvZC1oT/8dFH8W455YrywGykx/KMmAqOr7Jw==
  dependencies:
    "@types/luxon" "~3.4.0"
    luxon "~3.4.0"

luxon@~3.4.0:
  version "3.4.4"
  resolved "https://registry.yarnpkg.com/luxon/-/luxon-3.4.4.tgz#cf20dc27dc532ba41a169c43fdcc0063601577af"
  integrity sha512-zobTr7akeGHnv7eBOXcRgMeCP6+uyYsczwmeRCauvpvaAltgNyTbLH/+VaEAPUeWBT+1GuNmz4wC/6jtQzbbVA==

uuid@10.0.0:
  version "10.0.0"
  resolved "https://registry.yarnpkg.com/uuid/-/uuid-10.0.0.tgz#5a95aa454e6e002725c79055fd42aaba30ca6294"
  integrity sha512-8XkAphELsDnEGrDxUOHB3RGvXz6TeuYSGEZBOjtTtPm2lwhGBjLgOzLHB63IUWfBpNucQjND6d3AOudO+H3RWQ==
